
Microsoft Visual Studio Solution File, Format Version 12.00
# Visual Studio 15
VisualStudioVersion = 15.0.28010.2003
MinimumVisualStudioVersion = 10.0.40219.1
Project("{FAE04EC0-301F-11D3-BF4B-00C04F79EFBC}") = "bowling_kai", "bowling_kai\bowling_kai.csproj", "{4E7A73D2-4AD7-4450-9493-0B318DF1A0BA}"
EndProject
Project("{54435603-DBB4-11D2-8724-00A0C9A8B90C}") = "bowling_kai_Setup", "bowling_kai_Setup\bowling_kai_Setup.vdproj", "{F84447A0-B110-45CD-AE40-B226551E3F12}"
EndProject
Global
	GlobalSection(SolutionConfigurationPlatforms) = preSolution
		Debug|Any CPU = Debug|Any CPU
		Release|Any CPU = Release|Any CPU
	EndGlobalSection
	GlobalSection(ProjectConfigurationPlatforms) = postSolution
		{4E7A73D2-4AD7-4450-9493-0B318DF1A0BA}.Debug|Any CPU.ActiveCfg = Debug|Any CPU
		{4E7A73D2-4AD7-4450-9493-0B318DF1A0BA}.Debug|Any CPU.Build.0 = Debug|Any CPU
		{4E7A73D2-4AD7-4450-9493-0B318DF1A0BA}.Release|Any CPU.ActiveCfg = Release|Any CPU
		{4E7A73D2-4AD7-4450-9493-0B318DF1A0BA}.Release|Any CPU.Build.0 = Release|Any CPU
		{F84447A0-B110-45CD-AE40-B226551E3F12}.Debug|Any CPU.ActiveCfg = Debug
		{F84447A0-B110-45CD-AE40-B226551E3F12}.Release|Any CPU.ActiveCfg = Release
	EndGlobalSection
	GlobalSection(SolutionProperties) = preSolution
		HideSolutionNode = FALSE
	EndGlobalSection
	GlobalSection(ExtensibilityGlobals) = postSolution
		SolutionGuid = {A99F5A31-B4E7-46B1-BDB3-3622366DB00E}
	EndGlobalSection
EndGlobal
